
Microsoft Visual Studio Solution File, Format Version 12.00
# Visual Studio 2013
VisualStudioVersion = 12.0.21005.1
MinimumVisualStudioVersion = 10.0.40219.1
Project("{8BC9CEB8-8B4A-11D0-8D11-00A0C91BC942}") = "CSCvar101", "PracticeConsoleApplications\PracticeConsoleApplications.vcxproj", "{B39C9DD1-3C9A-4393-8CBE-5B8598E1F764}"
EndProject
Project("{8BC9CEB8-8B4A-11D0-8D11-00A0C91BC942}") = "CSCTestOnlineCourses", "CSCTestOnlineCourses\CSCTestOnlineCourses.vcxproj", "{8D9E0593-D797-4B28-86C6-3E7D4AA5E570}"
EndProject
Project("{2150E333-8FDC-42A3-9474-1A3956D46DE8}") = "CSCOnlineCourses", "CSCOnlineCourses", "{9A03099B-B821-4692-B572-BA2FE9182785}"
EndProject
Project("{8BC9CEB8-8B4A-11D0-8D11-00A0C91BC942}") = "Ex1.x.x(Count_sort)", "CountSort\CountSort.vcxproj", "{FF87EBF6-4FA6-48E8-8AEF-8002AF94F3D9}"
EndProject
Project("{8BC9CEB8-8B4A-11D0-8D11-00A0C91BC942}") = "Ex1.4.2(Binary_search)", "Ex1.4.2\Ex1.4.2.vcxproj", "{C9E7E22E-07B3-4285-98CD-DE14F09B47D1}"
EndProject
Project("{8BC9CEB8-8B4A-11D0-8D11-00A0C91BC942}") = "Test", "Test\Test.vcxproj", "{2D7209AE-BCE9-4B6C-8D81-4062F219D9BA}"
EndProject
Project("{8BC9CEB8-8B4A-11D0-8D11-00A0C91BC942}") = "Ex2.2.1(Karatsuba)", "Ex2.2.1(Karatsuba)\Ex2.2.1(Karatsuba).vcxproj", "{CDC5FF26-45EA-4483-8BAA-68947876090D}"
EndProject
Project("{8BC9CEB8-8B4A-11D0-8D11-00A0C91BC942}") = "OOPWork", "OOPWork\OOPWork.vcxproj", "{7F421EFC-2524-41FE-BFAA-46FCCEFEDCC1}"
EndProject
Project("{8BC9CEB8-8B4A-11D0-8D11-00A0C91BC942}") = "Ex2.3.1(Merge_sort)", "Ex2.3.1\Ex2.3.1.vcxproj", "{67102FD0-1CD8-4DE4-B0F9-8B01000D542F}"
EndProject
Project("{8BC9CEB8-8B4A-11D0-8D11-00A0C91BC942}") = "Ex2.2.1(Karatsuba_int)", "Ex2.2.1(Karatsuba_int)\Ex2.2.1(Karatsuba_int).vcxproj", "{7B9CF2E2-E23C-46EA-B80F-FDF7451826E9}"
EndProject
Project("{8BC9CEB8-8B4A-11D0-8D11-00A0C91BC942}") = "Ex3.2.1(tree)", "Ex3.2.1\Ex3.2.1.vcxproj", "{9CCB7A7F-2905-4366-920E-C541704C04C7}"
EndProject
Project("{8BC9CEB8-8B4A-11D0-8D11-00A0C91BC942}") = "Ex3.2.1(Heap_array)", "Ex3.2.1(array)\Ex3.2.1(array).vcxproj", "{23BFACFE-0B05-4CFE-A1D5-0A413A69F8E7}"
EndProject
Project("{8BC9CEB8-8B4A-11D0-8D11-00A0C91BC942}") = "Ex3.3.1(Segment_tree)", "Ex3.3.1(Segment tree)\Ex3.3.1(Segment tree).vcxproj", "{09F22182-794E-4C70-9B99-D58FA0B1DA91}"
EndProject
Project("{8BC9CEB8-8B4A-11D0-8D11-00A0C91BC942}") = "Ex3.4.1(Disjoint_set)", "Ex3.4.1\Ex3.4.1.vcxproj", "{801B2690-4FAF-424C-A791-61A81C2629A6}"
EndProject
Project("{8BC9CEB8-8B4A-11D0-8D11-00A0C91BC942}") = "Ex4.2.1(Heap_sort)", "Ex4.2.1\Ex4.2.1.vcxproj", "{1E588915-C71B-43DC-A018-5ED0DE38F29E}"
EndProject
Project("{8BC9CEB8-8B4A-11D0-8D11-00A0C91BC942}") = "Ex4.3.1(Massivet_inv_count)", "Ex4.3.1(Points_Segments)\Ex4.3.1(Points_Segments).vcxproj", "{BF7DD9CA-0E8F-4479-A762-3B1177BEDCF3}"
EndProject
Project("{8BC9CEB8-8B4A-11D0-8D11-00A0C91BC942}") = "Ex4.4.1(Points_Segments)", "Ex4.4.1(Points_Segments)\Ex4.4.1(Points_Segments).vcxproj", "{80F22B48-CCCB-456F-AB0D-28244BF990BE}"
EndProject
Project("{8BC9CEB8-8B4A-11D0-8D11-00A0C91BC942}") = "Ex4.4(Quick_Sort)", "Ex4.4(Quick_Sort)\Ex4.4(Quick_Sort).vcxproj", "{1FE339E5-0E9B-48BB-B7F7-F8F305E6D7B0}"
EndProject
Project("{8BC9CEB8-8B4A-11D0-8D11-00A0C91BC942}") = "Ex5(Graph_Class)(Ex5.2.1-Ex5.2.2)(Explore,GFS)", "Ex5(Graph_Class)\Ex5(Graph_Class).vcxproj", "{3592D3A8-E116-41D1-8A38-C03DAC9D3BAB}"
EndProject
Project("{8BC9CEB8-8B4A-11D0-8D11-00A0C91BC942}") = "Ex5.3(Oriented_Graph)", "Ex5.3(Oriented_Graph)\Ex5.3(Oriented_Graph).vcxproj", "{50D4EEC1-077D-4A36-B61A-41CB1891E7DB}"
EndProject
Global
	GlobalSection(SolutionConfigurationPlatforms) = preSolution
		Debug|Win32 = Debug|Win32
		Release|Win32 = Release|Win32
	EndGlobalSection
	GlobalSection(ProjectConfigurationPlatforms) = postSolution
		{B39C9DD1-3C9A-4393-8CBE-5B8598E1F764}.Debug|Win32.ActiveCfg = Debug|Win32
		{B39C9DD1-3C9A-4393-8CBE-5B8598E1F764}.Debug|Win32.Build.0 = Debug|Win32
		{B39C9DD1-3C9A-4393-8CBE-5B8598E1F764}.Release|Win32.ActiveCfg = Release|Win32
		{B39C9DD1-3C9A-4393-8CBE-5B8598E1F764}.Release|Win32.Build.0 = Release|Win32
		{8D9E0593-D797-4B28-86C6-3E7D4AA5E570}.Debug|Win32.ActiveCfg = Debug|Win32
		{8D9E0593-D797-4B28-86C6-3E7D4AA5E570}.Debug|Win32.Build.0 = Debug|Win32
		{8D9E0593-D797-4B28-86C6-3E7D4AA5E570}.Release|Win32.ActiveCfg = Release|Win32
		{8D9E0593-D797-4B28-86C6-3E7D4AA5E570}.Release|Win32.Build.0 = Release|Win32
		{FF87EBF6-4FA6-48E8-8AEF-8002AF94F3D9}.Debug|Win32.ActiveCfg = Debug|Win32
		{FF87EBF6-4FA6-48E8-8AEF-8002AF94F3D9}.Debug|Win32.Build.0 = Debug|Win32
		{FF87EBF6-4FA6-48E8-8AEF-8002AF94F3D9}.Release|Win32.ActiveCfg = Release|Win32
		{FF87EBF6-4FA6-48E8-8AEF-8002AF94F3D9}.Release|Win32.Build.0 = Release|Win32
		{C9E7E22E-07B3-4285-98CD-DE14F09B47D1}.Debug|Win32.ActiveCfg = Debug|Win32
		{C9E7E22E-07B3-4285-98CD-DE14F09B47D1}.Debug|Win32.Build.0 = Debug|Win32
		{C9E7E22E-07B3-4285-98CD-DE14F09B47D1}.Release|Win32.ActiveCfg = Release|Win32
		{C9E7E22E-07B3-4285-98CD-DE14F09B47D1}.Release|Win32.Build.0 = Release|Win32
		{2D7209AE-BCE9-4B6C-8D81-4062F219D9BA}.Debug|Win32.ActiveCfg = Debug|Win32
		{2D7209AE-BCE9-4B6C-8D81-4062F219D9BA}.Debug|Win32.Build.0 = Debug|Win32
		{2D7209AE-BCE9-4B6C-8D81-4062F219D9BA}.Release|Win32.ActiveCfg = Release|Win32
		{2D7209AE-BCE9-4B6C-8D81-4062F219D9BA}.Release|Win32.Build.0 = Release|Win32
		{CDC5FF26-45EA-4483-8BAA-68947876090D}.Debug|Win32.ActiveCfg = Debug|Win32
		{CDC5FF26-45EA-4483-8BAA-68947876090D}.Debug|Win32.Build.0 = Debug|Win32
		{CDC5FF26-45EA-4483-8BAA-68947876090D}.Release|Win32.ActiveCfg = Release|Win32
		{CDC5FF26-45EA-4483-8BAA-68947876090D}.Release|Win32.Build.0 = Release|Win32
		{7F421EFC-2524-41FE-BFAA-46FCCEFEDCC1}.Debug|Win32.ActiveCfg = Debug|Win32
		{7F421EFC-2524-41FE-BFAA-46FCCEFEDCC1}.Debug|Win32.Build.0 = Debug|Win32
		{7F421EFC-2524-41FE-BFAA-46FCCEFEDCC1}.Release|Win32.ActiveCfg = Release|Win32
		{7F421EFC-2524-41FE-BFAA-46FCCEFEDCC1}.Release|Win32.Build.0 = Release|Win32
		{67102FD0-1CD8-4DE4-B0F9-8B01000D542F}.Debug|Win32.ActiveCfg = Debug|Win32
		{67102FD0-1CD8-4DE4-B0F9-8B01000D542F}.Debug|Win32.Build.0 = Debug|Win32
		{67102FD0-1CD8-4DE4-B0F9-8B01000D542F}.Release|Win32.ActiveCfg = Release|Win32
		{67102FD0-1CD8-4DE4-B0F9-8B01000D542F}.Release|Win32.Build.0 = Release|Win32
		{7B9CF2E2-E23C-46EA-B80F-FDF7451826E9}.Debug|Win32.ActiveCfg = Debug|Win32
		{7B9CF2E2-E23C-46EA-B80F-FDF7451826E9}.Debug|Win32.Build.0 = Debug|Win32
		{7B9CF2E2-E23C-46EA-B80F-FDF7451826E9}.Release|Win32.ActiveCfg = Release|Win32
		{7B9CF2E2-E23C-46EA-B80F-FDF7451826E9}.Release|Win32.Build.0 = Release|Win32
		{9CCB7A7F-2905-4366-920E-C541704C04C7}.Debug|Win32.ActiveCfg = Debug|Win32
		{9CCB7A7F-2905-4366-920E-C541704C04C7}.Debug|Win32.Build.0 = Debug|Win32
		{9CCB7A7F-2905-4366-920E-C541704C04C7}.Release|Win32.ActiveCfg = Release|Win32
		{9CCB7A7F-2905-4366-920E-C541704C04C7}.Release|Win32.Build.0 = Release|Win32
		{23BFACFE-0B05-4CFE-A1D5-0A413A69F8E7}.Debug|Win32.ActiveCfg = Debug|Win32
		{23BFACFE-0B05-4CFE-A1D5-0A413A69F8E7}.Debug|Win32.Build.0 = Debug|Win32
		{23BFACFE-0B05-4CFE-A1D5-0A413A69F8E7}.Release|Win32.ActiveCfg = Release|Win32
		{23BFACFE-0B05-4CFE-A1D5-0A413A69F8E7}.Release|Win32.Build.0 = Release|Win32
		{09F22182-794E-4C70-9B99-D58FA0B1DA91}.Debug|Win32.ActiveCfg = Debug|Win32
		{09F22182-794E-4C70-9B99-D58FA0B1DA91}.Debug|Win32.Build.0 = Debug|Win32
		{09F22182-794E-4C70-9B99-D58FA0B1DA91}.Release|Win32.ActiveCfg = Release|Win32
		{09F22182-794E-4C70-9B99-D58FA0B1DA91}.Release|Win32.Build.0 = Release|Win32
		{801B2690-4FAF-424C-A791-61A81C2629A6}.Debug|Win32.ActiveCfg = Debug|Win32
		{801B2690-4FAF-424C-A791-61A81C2629A6}.Debug|Win32.Build.0 = Debug|Win32
		{801B2690-4FAF-424C-A791-61A81C2629A6}.Release|Win32.ActiveCfg = Release|Win32
		{801B2690-4FAF-424C-A791-61A81C2629A6}.Release|Win32.Build.0 = Release|Win32
		{1E588915-C71B-43DC-A018-5ED0DE38F29E}.Debug|Win32.ActiveCfg = Debug|Win32
		{1E588915-C71B-43DC-A018-5ED0DE38F29E}.Debug|Win32.Build.0 = Debug|Win32
		{1E588915-C71B-43DC-A018-5ED0DE38F29E}.Release|Win32.ActiveCfg = Release|Win32
		{1E588915-C71B-43DC-A018-5ED0DE38F29E}.Release|Win32.Build.0 = Release|Win32
		{BF7DD9CA-0E8F-4479-A762-3B1177BEDCF3}.Debug|Win32.ActiveCfg = Debug|Win32
		{BF7DD9CA-0E8F-4479-A762-3B1177BEDCF3}.Debug|Win32.Build.0 = Debug|Win32
		{BF7DD9CA-0E8F-4479-A762-3B1177BEDCF3}.Release|Win32.ActiveCfg = Release|Win32
		{BF7DD9CA-0E8F-4479-A762-3B1177BEDCF3}.Release|Win32.Build.0 = Release|Win32
		{80F22B48-CCCB-456F-AB0D-28244BF990BE}.Debug|Win32.ActiveCfg = Debug|Win32
		{80F22B48-CCCB-456F-AB0D-28244BF990BE}.Debug|Win32.Build.0 = Debug|Win32
		{80F22B48-CCCB-456F-AB0D-28244BF990BE}.Release|Win32.ActiveCfg = Release|Win32
		{80F22B48-CCCB-456F-AB0D-28244BF990BE}.Release|Win32.Build.0 = Release|Win32
		{1FE339E5-0E9B-48BB-B7F7-F8F305E6D7B0}.Debug|Win32.ActiveCfg = Debug|Win32
		{1FE339E5-0E9B-48BB-B7F7-F8F305E6D7B0}.Debug|Win32.Build.0 = Debug|Win32
		{1FE339E5-0E9B-48BB-B7F7-F8F305E6D7B0}.Release|Win32.ActiveCfg = Release|Win32
		{1FE339E5-0E9B-48BB-B7F7-F8F305E6D7B0}.Release|Win32.Build.0 = Release|Win32
		{3592D3A8-E116-41D1-8A38-C03DAC9D3BAB}.Debug|Win32.ActiveCfg = Debug|Win32
		{3592D3A8-E116-41D1-8A38-C03DAC9D3BAB}.Debug|Win32.Build.0 = Debug|Win32
		{3592D3A8-E116-41D1-8A38-C03DAC9D3BAB}.Release|Win32.ActiveCfg = Release|Win32
		{3592D3A8-E116-41D1-8A38-C03DAC9D3BAB}.Release|Win32.Build.0 = Release|Win32
		{50D4EEC1-077D-4A36-B61A-41CB1891E7DB}.Debug|Win32.ActiveCfg = Debug|Win32
		{50D4EEC1-077D-4A36-B61A-41CB1891E7DB}.Debug|Win32.Build.0 = Debug|Win32
		{50D4EEC1-077D-4A36-B61A-41CB1891E7DB}.Release|Win32.ActiveCfg = Release|Win32
		{50D4EEC1-077D-4A36-B61A-41CB1891E7DB}.Release|Win32.Build.0 = Release|Win32
	EndGlobalSection
	GlobalSection(SolutionProperties) = preSolution
		HideSolutionNode = FALSE
	EndGlobalSection
	GlobalSection(NestedProjects) = preSolution
		{8D9E0593-D797-4B28-86C6-3E7D4AA5E570} = {9A03099B-B821-4692-B572-BA2FE9182785}
		{FF87EBF6-4FA6-48E8-8AEF-8002AF94F3D9} = {9A03099B-B821-4692-B572-BA2FE9182785}
		{C9E7E22E-07B3-4285-98CD-DE14F09B47D1} = {9A03099B-B821-4692-B572-BA2FE9182785}
		{2D7209AE-BCE9-4B6C-8D81-4062F219D9BA} = {9A03099B-B821-4692-B572-BA2FE9182785}
		{CDC5FF26-45EA-4483-8BAA-68947876090D} = {9A03099B-B821-4692-B572-BA2FE9182785}
		{67102FD0-1CD8-4DE4-B0F9-8B01000D542F} = {9A03099B-B821-4692-B572-BA2FE9182785}
		{7B9CF2E2-E23C-46EA-B80F-FDF7451826E9} = {9A03099B-B821-4692-B572-BA2FE9182785}
		{9CCB7A7F-2905-4366-920E-C541704C04C7} = {9A03099B-B821-4692-B572-BA2FE9182785}
		{23BFACFE-0B05-4CFE-A1D5-0A413A69F8E7} = {9A03099B-B821-4692-B572-BA2FE9182785}
		{09F22182-794E-4C70-9B99-D58FA0B1DA91} = {9A03099B-B821-4692-B572-BA2FE9182785}
		{801B2690-4FAF-424C-A791-61A81C2629A6} = {9A03099B-B821-4692-B572-BA2FE9182785}
		{1E588915-C71B-43DC-A018-5ED0DE38F29E} = {9A03099B-B821-4692-B572-BA2FE9182785}
		{BF7DD9CA-0E8F-4479-A762-3B1177BEDCF3} = {9A03099B-B821-4692-B572-BA2FE9182785}
		{80F22B48-CCCB-456F-AB0D-28244BF990BE} = {9A03099B-B821-4692-B572-BA2FE9182785}
		{1FE339E5-0E9B-48BB-B7F7-F8F305E6D7B0} = {9A03099B-B821-4692-B572-BA2FE9182785}
		{3592D3A8-E116-41D1-8A38-C03DAC9D3BAB} = {9A03099B-B821-4692-B572-BA2FE9182785}
		{50D4EEC1-077D-4A36-B61A-41CB1891E7DB} = {9A03099B-B821-4692-B572-BA2FE9182785}
	EndGlobalSection
	GlobalSection(Performance) = preSolution
		HasPerformanceSessions = true
	EndGlobalSection
EndGlobal
