
Microsoft Visual Studio Solution File, Format Version 12.00
# Visual Studio 2013
VisualStudioVersion = 12.0.21005.1
MinimumVisualStudioVersion = 10.0.40219.1
Project("{8BC9CEB8-8B4A-11D0-8D11-00A0C91BC942}") = "CSCvar101", "PracticeConsoleApplications\PracticeConsoleApplications.vcxproj", "{B39C9DD1-3C9A-4393-8CBE-5B8598E1F764}"
EndProject
Project("{8BC9CEB8-8B4A-11D0-8D11-00A0C91BC942}") = "CSCTestOnlineCourses", "CSCTestOnlineCourses\CSCTestOnlineCourses.vcxproj", "{8D9E0593-D797-4B28-86C6-3E7D4AA5E570}"
EndProject
Project("{2150E333-8FDC-42A3-9474-1A3956D46DE8}") = "CSCOnlineCourses", "CSCOnlineCourses", "{9A03099B-B821-4692-B572-BA2FE9182785}"
EndProject
Project("{8BC9CEB8-8B4A-11D0-8D11-00A0C91BC942}") = "CountSort", "CountSort\CountSort.vcxproj", "{FF87EBF6-4FA6-48E8-8AEF-8002AF94F3D9}"
EndProject
Project("{8BC9CEB8-8B4A-11D0-8D11-00A0C91BC942}") = "Ex1.4.2", "Ex1.4.2\Ex1.4.2.vcxproj", "{C9E7E22E-07B3-4285-98CD-DE14F09B47D1}"
EndProject
Project("{8BC9CEB8-8B4A-11D0-8D11-00A0C91BC942}") = "Test", "Test\Test.vcxproj", "{2D7209AE-BCE9-4B6C-8D81-4062F219D9BA}"
EndProject
Project("{8BC9CEB8-8B4A-11D0-8D11-00A0C91BC942}") = "Ex2.2.1(Karatsuba)", "Ex2.2.1(Karatsuba)\Ex2.2.1(Karatsuba).vcxproj", "{CDC5FF26-45EA-4483-8BAA-68947876090D}"
EndProject
Project("{8BC9CEB8-8B4A-11D0-8D11-00A0C91BC942}") = "OOPWork", "OOPWork\OOPWork.vcxproj", "{7F421EFC-2524-41FE-BFAA-46FCCEFEDCC1}"
EndProject
Project("{8BC9CEB8-8B4A-11D0-8D11-00A0C91BC942}") = "Ex2.3.1", "Ex2.3.1\Ex2.3.1.vcxproj", "{67102FD0-1CD8-4DE4-B0F9-8B01000D542F}"
EndProject
Project("{8BC9CEB8-8B4A-11D0-8D11-00A0C91BC942}") = "Ex2.2.1(Karatsuba_int)", "Ex2.2.1(Karatsuba_int)\Ex2.2.1(Karatsuba_int).vcxproj", "{7B9CF2E2-E23C-46EA-B80F-FDF7451826E9}"
EndProject
Project("{8BC9CEB8-8B4A-11D0-8D11-00A0C91BC942}") = "Ex3.2.1(tree)", "Ex3.2.1\Ex3.2.1.vcxproj", "{9CCB7A7F-2905-4366-920E-C541704C04C7}"
EndProject
Project("{8BC9CEB8-8B4A-11D0-8D11-00A0C91BC942}") = "Ex3.2.1(array)", "Ex3.2.1(array)\Ex3.2.1(array).vcxproj", "{23BFACFE-0B05-4CFE-A1D5-0A413A69F8E7}"
EndProject
Global
	GlobalSection(SolutionConfigurationPlatforms) = preSolution
		Debug|Win32 = Debug|Win32
		Release|Win32 = Release|Win32
	EndGlobalSection
	GlobalSection(ProjectConfigurationPlatforms) = postSolution
		{B39C9DD1-3C9A-4393-8CBE-5B8598E1F764}.Debug|Win32.ActiveCfg = Debug|Win32
		{B39C9DD1-3C9A-4393-8CBE-5B8598E1F764}.Debug|Win32.Build.0 = Debug|Win32
		{B39C9DD1-3C9A-4393-8CBE-5B8598E1F764}.Release|Win32.ActiveCfg = Release|Win32
		{B39C9DD1-3C9A-4393-8CBE-5B8598E1F764}.Release|Win32.Build.0 = Release|Win32
		{8D9E0593-D797-4B28-86C6-3E7D4AA5E570}.Debug|Win32.ActiveCfg = Debug|Win32
		{8D9E0593-D797-4B28-86C6-3E7D4AA5E570}.Debug|Win32.Build.0 = Debug|Win32
		{8D9E0593-D797-4B28-86C6-3E7D4AA5E570}.Release|Win32.ActiveCfg = Release|Win32
		{8D9E0593-D797-4B28-86C6-3E7D4AA5E570}.Release|Win32.Build.0 = Release|Win32
		{FF87EBF6-4FA6-48E8-8AEF-8002AF94F3D9}.Debug|Win32.ActiveCfg = Debug|Win32
		{FF87EBF6-4FA6-48E8-8AEF-8002AF94F3D9}.Debug|Win32.Build.0 = Debug|Win32
		{FF87EBF6-4FA6-48E8-8AEF-8002AF94F3D9}.Release|Win32.ActiveCfg = Release|Win32
		{FF87EBF6-4FA6-48E8-8AEF-8002AF94F3D9}.Release|Win32.Build.0 = Release|Win32
		{C9E7E22E-07B3-4285-98CD-DE14F09B47D1}.Debug|Win32.ActiveCfg = Debug|Win32
		{C9E7E22E-07B3-4285-98CD-DE14F09B47D1}.Debug|Win32.Build.0 = Debug|Win32
		{C9E7E22E-07B3-4285-98CD-DE14F09B47D1}.Release|Win32.ActiveCfg = Release|Win32
		{C9E7E22E-07B3-4285-98CD-DE14F09B47D1}.Release|Win32.Build.0 = Release|Win32
		{2D7209AE-BCE9-4B6C-8D81-4062F219D9BA}.Debug|Win32.ActiveCfg = Debug|Win32
		{2D7209AE-BCE9-4B6C-8D81-4062F219D9BA}.Debug|Win32.Build.0 = Debug|Win32
		{2D7209AE-BCE9-4B6C-8D81-4062F219D9BA}.Release|Win32.ActiveCfg = Release|Win32
		{2D7209AE-BCE9-4B6C-8D81-4062F219D9BA}.Release|Win32.Build.0 = Release|Win32
		{CDC5FF26-45EA-4483-8BAA-68947876090D}.Debug|Win32.ActiveCfg = Debug|Win32
		{CDC5FF26-45EA-4483-8BAA-68947876090D}.Debug|Win32.Build.0 = Debug|Win32
		{CDC5FF26-45EA-4483-8BAA-68947876090D}.Release|Win32.ActiveCfg = Release|Win32
		{CDC5FF26-45EA-4483-8BAA-68947876090D}.Release|Win32.Build.0 = Release|Win32
		{7F421EFC-2524-41FE-BFAA-46FCCEFEDCC1}.Debug|Win32.ActiveCfg = Debug|Win32
		{7F421EFC-2524-41FE-BFAA-46FCCEFEDCC1}.Debug|Win32.Build.0 = Debug|Win32
		{7F421EFC-2524-41FE-BFAA-46FCCEFEDCC1}.Release|Win32.ActiveCfg = Release|Win32
		{7F421EFC-2524-41FE-BFAA-46FCCEFEDCC1}.Release|Win32.Build.0 = Release|Win32
		{67102FD0-1CD8-4DE4-B0F9-8B01000D542F}.Debug|Win32.ActiveCfg = Debug|Win32
		{67102FD0-1CD8-4DE4-B0F9-8B01000D542F}.Debug|Win32.Build.0 = Debug|Win32
		{67102FD0-1CD8-4DE4-B0F9-8B01000D542F}.Release|Win32.ActiveCfg = Release|Win32
		{67102FD0-1CD8-4DE4-B0F9-8B01000D542F}.Release|Win32.Build.0 = Release|Win32
		{7B9CF2E2-E23C-46EA-B80F-FDF7451826E9}.Debug|Win32.ActiveCfg = Debug|Win32
		{7B9CF2E2-E23C-46EA-B80F-FDF7451826E9}.Debug|Win32.Build.0 = Debug|Win32
		{7B9CF2E2-E23C-46EA-B80F-FDF7451826E9}.Release|Win32.ActiveCfg = Release|Win32
		{7B9CF2E2-E23C-46EA-B80F-FDF7451826E9}.Release|Win32.Build.0 = Release|Win32
		{9CCB7A7F-2905-4366-920E-C541704C04C7}.Debug|Win32.ActiveCfg = Debug|Win32
		{9CCB7A7F-2905-4366-920E-C541704C04C7}.Debug|Win32.Build.0 = Debug|Win32
		{9CCB7A7F-2905-4366-920E-C541704C04C7}.Release|Win32.ActiveCfg = Release|Win32
		{9CCB7A7F-2905-4366-920E-C541704C04C7}.Release|Win32.Build.0 = Release|Win32
		{23BFACFE-0B05-4CFE-A1D5-0A413A69F8E7}.Debug|Win32.ActiveCfg = Debug|Win32
		{23BFACFE-0B05-4CFE-A1D5-0A413A69F8E7}.Debug|Win32.Build.0 = Debug|Win32
		{23BFACFE-0B05-4CFE-A1D5-0A413A69F8E7}.Release|Win32.ActiveCfg = Release|Win32
		{23BFACFE-0B05-4CFE-A1D5-0A413A69F8E7}.Release|Win32.Build.0 = Release|Win32
	EndGlobalSection
	GlobalSection(SolutionProperties) = preSolution
		HideSolutionNode = FALSE
	EndGlobalSection
	GlobalSection(NestedProjects) = preSolution
		{8D9E0593-D797-4B28-86C6-3E7D4AA5E570} = {9A03099B-B821-4692-B572-BA2FE9182785}
		{FF87EBF6-4FA6-48E8-8AEF-8002AF94F3D9} = {9A03099B-B821-4692-B572-BA2FE9182785}
		{C9E7E22E-07B3-4285-98CD-DE14F09B47D1} = {9A03099B-B821-4692-B572-BA2FE9182785}
		{2D7209AE-BCE9-4B6C-8D81-4062F219D9BA} = {9A03099B-B821-4692-B572-BA2FE9182785}
		{CDC5FF26-45EA-4483-8BAA-68947876090D} = {9A03099B-B821-4692-B572-BA2FE9182785}
		{67102FD0-1CD8-4DE4-B0F9-8B01000D542F} = {9A03099B-B821-4692-B572-BA2FE9182785}
		{9CCB7A7F-2905-4366-920E-C541704C04C7} = {9A03099B-B821-4692-B572-BA2FE9182785}
		{23BFACFE-0B05-4CFE-A1D5-0A413A69F8E7} = {9A03099B-B821-4692-B572-BA2FE9182785}
	EndGlobalSection
EndGlobal
